
Microsoft Visual Studio Solution File, Format Version 12.00
# Visual Studio Version 17
VisualStudioVersion = 17.5.002.0
MinimumVisualStudioVersion = 10.0.40219.1
Project("{9A19103F-16F7-4668-BE54-9A1E7A4F7556}") = "Zadanie1", "Zadanie1\Zadanie1.csproj", "{D0B61C56-C215-49DE-8CCB-3C8A8650BBB9}"
EndProject
Project("{9A19103F-16F7-4668-BE54-9A1E7A4F7556}") = "Zadanie2", "Zadanie2\Zadanie2.csproj", "{704CFD6B-0A0C-4E0C-BB65-852016D692AA}"
EndProject
Project("{9A19103F-16F7-4668-BE54-9A1E7A4F7556}") = "Zadanie3", "Zadanie3\Zadanie3.csproj", "{AE9060FC-E844-466D-8FB8-404C0878360A}"
EndProject
Global
	GlobalSection(SolutionConfigurationPlatforms) = preSolution
		Debug|Any CPU = Debug|Any CPU
		Release|Any CPU = Release|Any CPU
	EndGlobalSection
	GlobalSection(ProjectConfigurationPlatforms) = postSolution
		{D0B61C56-C215-49DE-8CCB-3C8A8650BBB9}.Debug|Any CPU.ActiveCfg = Debug|Any CPU
		{D0B61C56-C215-49DE-8CCB-3C8A8650BBB9}.Debug|Any CPU.Build.0 = Debug|Any CPU
		{D0B61C56-C215-49DE-8CCB-3C8A8650BBB9}.Release|Any CPU.ActiveCfg = Release|Any CPU
		{D0B61C56-C215-49DE-8CCB-3C8A8650BBB9}.Release|Any CPU.Build.0 = Release|Any CPU
		{704CFD6B-0A0C-4E0C-BB65-852016D692AA}.Debug|Any CPU.ActiveCfg = Debug|Any CPU
		{704CFD6B-0A0C-4E0C-BB65-852016D692AA}.Debug|Any CPU.Build.0 = Debug|Any CPU
		{704CFD6B-0A0C-4E0C-BB65-852016D692AA}.Release|Any CPU.ActiveCfg = Release|Any CPU
		{704CFD6B-0A0C-4E0C-BB65-852016D692AA}.Release|Any CPU.Build.0 = Release|Any CPU
		{AE9060FC-E844-466D-8FB8-404C0878360A}.Debug|Any CPU.ActiveCfg = Debug|Any CPU
		{AE9060FC-E844-466D-8FB8-404C0878360A}.Debug|Any CPU.Build.0 = Debug|Any CPU
		{AE9060FC-E844-466D-8FB8-404C0878360A}.Release|Any CPU.ActiveCfg = Release|Any CPU
		{AE9060FC-E844-466D-8FB8-404C0878360A}.Release|Any CPU.Build.0 = Release|Any CPU
	EndGlobalSection
	GlobalSection(SolutionProperties) = preSolution
		HideSolutionNode = FALSE
	EndGlobalSection
	GlobalSection(ExtensibilityGlobals) = postSolution
		SolutionGuid = {6927E642-A4CD-4743-AAA9-0C56161216C9}
	EndGlobalSection
EndGlobal
